
Microsoft Visual Studio Solution File, Format Version 12.00
# Visual Studio Version 17
VisualStudioVersion = 17.7.34221.43
MinimumVisualStudioVersion = 10.0.40219.1
Project("{FAE04EC0-301F-11D3-BF4B-00C04F79EFBC}") = "Jogos da forca", "Jogos da forca\Jogos da forca.csproj", "{FB62198E-9C11-4D7E-A8BB-DBF27193AFF0}"
EndProject
Global
	GlobalSection(SolutionConfigurationPlatforms) = preSolution
		Debug|Any CPU = Debug|Any CPU
		Release|Any CPU = Release|Any CPU
	EndGlobalSection
	GlobalSection(ProjectConfigurationPlatforms) = postSolution
		{FB62198E-9C11-4D7E-A8BB-DBF27193AFF0}.Debug|Any CPU.ActiveCfg = Debug|Any CPU
		{FB62198E-9C11-4D7E-A8BB-DBF27193AFF0}.Debug|Any CPU.Build.0 = Debug|Any CPU
		{FB62198E-9C11-4D7E-A8BB-DBF27193AFF0}.Release|Any CPU.ActiveCfg = Release|Any CPU
		{FB62198E-9C11-4D7E-A8BB-DBF27193AFF0}.Release|Any CPU.Build.0 = Release|Any CPU
	EndGlobalSection
	GlobalSection(SolutionProperties) = preSolution
		HideSolutionNode = FALSE
	EndGlobalSection
	GlobalSection(ExtensibilityGlobals) = postSolution
		SolutionGuid = {853A87D9-1290-421D-AC3F-12A4CC683374}
	EndGlobalSection
EndGlobal
